
Microsoft Visual Studio Solution File, Format Version 12.00
# Visual Studio Version 16
VisualStudioVersion = 16.0.31729.503
MinimumVisualStudioVersion = 10.0.40219.1
Project("{FAE04EC0-301F-11D3-BF4B-00C04F79EFBC}") = "SortObject", "SortObject.csproj", "{C6FD89A2-6FD9-4B67-A41B-D4C8A84E8F55}"
EndProject
Global
	GlobalSection(SolutionConfigurationPlatforms) = preSolution
		Debug|Any CPU = Debug|Any CPU
		Release|Any CPU = Release|Any CPU
	EndGlobalSection
	GlobalSection(ProjectConfigurationPlatforms) = postSolution
		{C6FD89A2-6FD9-4B67-A41B-D4C8A84E8F55}.Debug|Any CPU.ActiveCfg = Debug|Any CPU
		{C6FD89A2-6FD9-4B67-A41B-D4C8A84E8F55}.Debug|Any CPU.Build.0 = Debug|Any CPU
		{C6FD89A2-6FD9-4B67-A41B-D4C8A84E8F55}.Release|Any CPU.ActiveCfg = Release|Any CPU
		{C6FD89A2-6FD9-4B67-A41B-D4C8A84E8F55}.Release|Any CPU.Build.0 = Release|Any CPU
	EndGlobalSection
	GlobalSection(SolutionProperties) = preSolution
		HideSolutionNode = FALSE
	EndGlobalSection
	GlobalSection(ExtensibilityGlobals) = postSolution
		SolutionGuid = {5FD4065B-85E3-4B1F-8D7E-A2D61A738139}
	EndGlobalSection
EndGlobal
